
Microsoft Visual Studio Solution File, Format Version 12.00
# Visual Studio Version 17
VisualStudioVersion = 17.1.32120.378
MinimumVisualStudioVersion = 10.0.40219.1
Project("{9A19103F-16F7-4668-BE54-9A1E7A4F7556}") = "PGMS.CQSLight", "PGMS.CQSLight\PGMS.CQSLight.csproj", "{D91F228C-9564-4BFB-9A13-B476C4F3E200}"
EndProject
Project("{9A19103F-16F7-4668-BE54-9A1E7A4F7556}") = "PGMS.DataProvider.EFCore", "PGMS.DataProvider.EFCore\PGMS.DataProvider.EFCore.csproj", "{0D20F728-8577-40A0-99D5-95E9C8830469}"
EndProject
Project("{9A19103F-16F7-4668-BE54-9A1E7A4F7556}") = "PGMS.Data", "PGMS.DataServices\PGMS.Data.csproj", "{50DF6CD8-169C-447C-89A9-C95429531B9D}"
EndProject
Project("{2150E333-8FDC-42A3-9474-1A3956D46DE8}") = "Tests", "Tests", "{48D14FFF-CE54-41E3-951E-65798DDA213B}"
EndProject
Project("{9A19103F-16F7-4668-BE54-9A1E7A4F7556}") = "PGMS.UnitTests", "PGMS.UnitTests\PGMS.UnitTests.csproj", "{F9359BD7-FA43-41EA-AE0C-B72FFA117733}"
EndProject
Project("{9A19103F-16F7-4668-BE54-9A1E7A4F7556}") = "PGMS.FakeImpl", "PGMS.FakeImpl\PGMS.FakeImpl.csproj", "{C5B7E50E-C28B-46F6-B1A4-39DC6990BB82}"
EndProject
Project("{9A19103F-16F7-4668-BE54-9A1E7A4F7556}") = "PGMS.IntegratedTests", "PGMS.IntegratedTests\PGMS.IntegratedTests.csproj", "{AF397837-C426-4AAC-ACA6-6FE1A11D78F3}"
EndProject
Project("{2150E333-8FDC-42A3-9474-1A3956D46DE8}") = "Solution Items", "Solution Items", "{66F6A4DB-9943-4C63-A22F-FF0F94D01E25}"
	ProjectSection(SolutionItems) = preProject
		Directory.Build.props = Directory.Build.props
		..\..\README.md = ..\..\README.md
	EndProjectSection
EndProject
Project("{9A19103F-16F7-4668-BE54-9A1E7A4F7556}") = "PGMS.CQSLight.UnitTestUtilities", "PGMS.CQSLight.UnitTestUtilities\PGMS.CQSLight.UnitTestUtilities.csproj", "{6C98F459-E8B8-4752-BF4F-7AEC6DC45015}"
EndProject
Project("{9A19103F-16F7-4668-BE54-9A1E7A4F7556}") = "PGMS.BlazorComponents", "PGMS.BlazorComponents\PGMS.BlazorComponents.csproj", "{A03FC042-D08B-4FCA-891C-D704302C0C46}"
EndProject
Project("{FAE04EC0-301F-11D3-BF4B-00C04F79EFBC}") = "TestBlazorApp", "TestBlazorApp\TestBlazorApp.csproj", "{176970C9-5C70-47CE-A9A3-AFF1C2FCEA57}"
EndProject
Global
	GlobalSection(SolutionConfigurationPlatforms) = preSolution
		Debug|Any CPU = Debug|Any CPU
		Release|Any CPU = Release|Any CPU
	EndGlobalSection
	GlobalSection(ProjectConfigurationPlatforms) = postSolution
		{D91F228C-9564-4BFB-9A13-B476C4F3E200}.Debug|Any CPU.ActiveCfg = Debug|Any CPU
		{D91F228C-9564-4BFB-9A13-B476C4F3E200}.Debug|Any CPU.Build.0 = Debug|Any CPU
		{D91F228C-9564-4BFB-9A13-B476C4F3E200}.Release|Any CPU.ActiveCfg = Release|Any CPU
		{D91F228C-9564-4BFB-9A13-B476C4F3E200}.Release|Any CPU.Build.0 = Release|Any CPU
		{0D20F728-8577-40A0-99D5-95E9C8830469}.Debug|Any CPU.ActiveCfg = Debug|Any CPU
		{0D20F728-8577-40A0-99D5-95E9C8830469}.Debug|Any CPU.Build.0 = Debug|Any CPU
		{0D20F728-8577-40A0-99D5-95E9C8830469}.Release|Any CPU.ActiveCfg = Release|Any CPU
		{0D20F728-8577-40A0-99D5-95E9C8830469}.Release|Any CPU.Build.0 = Release|Any CPU
		{50DF6CD8-169C-447C-89A9-C95429531B9D}.Debug|Any CPU.ActiveCfg = Debug|Any CPU
		{50DF6CD8-169C-447C-89A9-C95429531B9D}.Debug|Any CPU.Build.0 = Debug|Any CPU
		{50DF6CD8-169C-447C-89A9-C95429531B9D}.Release|Any CPU.ActiveCfg = Release|Any CPU
		{50DF6CD8-169C-447C-89A9-C95429531B9D}.Release|Any CPU.Build.0 = Release|Any CPU
		{F9359BD7-FA43-41EA-AE0C-B72FFA117733}.Debug|Any CPU.ActiveCfg = Debug|Any CPU
		{F9359BD7-FA43-41EA-AE0C-B72FFA117733}.Debug|Any CPU.Build.0 = Debug|Any CPU
		{F9359BD7-FA43-41EA-AE0C-B72FFA117733}.Release|Any CPU.ActiveCfg = Release|Any CPU
		{F9359BD7-FA43-41EA-AE0C-B72FFA117733}.Release|Any CPU.Build.0 = Release|Any CPU
		{C5B7E50E-C28B-46F6-B1A4-39DC6990BB82}.Debug|Any CPU.ActiveCfg = Debug|Any CPU
		{C5B7E50E-C28B-46F6-B1A4-39DC6990BB82}.Debug|Any CPU.Build.0 = Debug|Any CPU
		{C5B7E50E-C28B-46F6-B1A4-39DC6990BB82}.Release|Any CPU.ActiveCfg = Release|Any CPU
		{C5B7E50E-C28B-46F6-B1A4-39DC6990BB82}.Release|Any CPU.Build.0 = Release|Any CPU
		{AF397837-C426-4AAC-ACA6-6FE1A11D78F3}.Debug|Any CPU.ActiveCfg = Debug|Any CPU
		{AF397837-C426-4AAC-ACA6-6FE1A11D78F3}.Debug|Any CPU.Build.0 = Debug|Any CPU
		{AF397837-C426-4AAC-ACA6-6FE1A11D78F3}.Release|Any CPU.ActiveCfg = Release|Any CPU
		{AF397837-C426-4AAC-ACA6-6FE1A11D78F3}.Release|Any CPU.Build.0 = Release|Any CPU
		{6C98F459-E8B8-4752-BF4F-7AEC6DC45015}.Debug|Any CPU.ActiveCfg = Debug|Any CPU
		{6C98F459-E8B8-4752-BF4F-7AEC6DC45015}.Debug|Any CPU.Build.0 = Debug|Any CPU
		{6C98F459-E8B8-4752-BF4F-7AEC6DC45015}.Release|Any CPU.ActiveCfg = Release|Any CPU
		{6C98F459-E8B8-4752-BF4F-7AEC6DC45015}.Release|Any CPU.Build.0 = Release|Any CPU
		{A03FC042-D08B-4FCA-891C-D704302C0C46}.Debug|Any CPU.ActiveCfg = Debug|Any CPU
		{A03FC042-D08B-4FCA-891C-D704302C0C46}.Debug|Any CPU.Build.0 = Debug|Any CPU
		{A03FC042-D08B-4FCA-891C-D704302C0C46}.Release|Any CPU.ActiveCfg = Release|Any CPU
		{A03FC042-D08B-4FCA-891C-D704302C0C46}.Release|Any CPU.Build.0 = Release|Any CPU
		{176970C9-5C70-47CE-A9A3-AFF1C2FCEA57}.Debug|Any CPU.ActiveCfg = Debug|Any CPU
		{176970C9-5C70-47CE-A9A3-AFF1C2FCEA57}.Debug|Any CPU.Build.0 = Debug|Any CPU
		{176970C9-5C70-47CE-A9A3-AFF1C2FCEA57}.Release|Any CPU.ActiveCfg = Release|Any CPU
		{176970C9-5C70-47CE-A9A3-AFF1C2FCEA57}.Release|Any CPU.Build.0 = Release|Any CPU
	EndGlobalSection
	GlobalSection(SolutionProperties) = preSolution
		HideSolutionNode = FALSE
	EndGlobalSection
	GlobalSection(NestedProjects) = preSolution
		{F9359BD7-FA43-41EA-AE0C-B72FFA117733} = {48D14FFF-CE54-41E3-951E-65798DDA213B}
		{C5B7E50E-C28B-46F6-B1A4-39DC6990BB82} = {48D14FFF-CE54-41E3-951E-65798DDA213B}
		{AF397837-C426-4AAC-ACA6-6FE1A11D78F3} = {48D14FFF-CE54-41E3-951E-65798DDA213B}
	EndGlobalSection
	GlobalSection(ExtensibilityGlobals) = postSolution
		SolutionGuid = {EF75BBD5-7D4F-41B4-827B-55AD720E2CD5}
	EndGlobalSection
EndGlobal
